// !$*UTF8*$!
{
	archiveVersion = 1;
	classes = {
	};
	objectVersion = 55;
	objects = {

/* Begin PBXBuildFile section */
		2D5CD39F27B5F1DB00A8282C /* AppDelegate.swift in Sources */ = {isa = PBXBuildFile; fileRef = 2D5CD39E27B5F1DB00A8282C /* AppDelegate.swift */; };
		2D5CD3A127B5F1DB00A8282C /* SceneDelegate.swift in Sources */ = {isa = PBXBuildFile; fileRef = 2D5CD3A027B5F1DB00A8282C /* SceneDelegate.swift */; };
		2D5CD3A327B5F1DB00A8282C /* ViewController.swift in Sources */ = {isa = PBXBuildFile; fileRef = 2D5CD3A227B5F1DB00A8282C /* ViewController.swift */; };
		2D5CD3A627B5F1DB00A8282C /* Main.storyboard in Resources */ = {isa = PBXBuildFile; fileRef = 2D5CD3A427B5F1DB00A8282C /* Main.storyboard */; };
		2D5CD3A827B5F1DE00A8282C /* Assets.xcassets in Resources */ = {isa = PBXBuildFile; fileRef = 2D5CD3A727B5F1DE00A8282C /* Assets.xcassets */; };
		2D5CD3AB27B5F1DE00A8282C /* LaunchScreen.storyboard in Resources */ = {isa = PBXBuildFile; fileRef = 2D5CD3A927B5F1DE00A8282C /* LaunchScreen.storyboard */; };
		2D5CD3B427B5F3B500A8282C /* BoundingBox.swift in Sources */ = {isa = PBXBuildFile; fileRef = 2D5CD3B327B5F3B500A8282C /* BoundingBox.swift */; };
		2D5CD3B627B5F3D900A8282C /* CVPixelBuffer+Helpers.swift in Sources */ = {isa = PBXBuildFile; fileRef = 2D5CD3B527B5F3D900A8282C /* CVPixelBuffer+Helpers.swift */; };
		2D5CD3B827B5F40000A8282C /* Helpers.swift in Sources */ = {isa = PBXBuildFile; fileRef = 2D5CD3B727B5F40000A8282C /* Helpers.swift */; };
		2D5CD3BA27B5F42F00A8282C /* UIImage+CVPixelBuffer.swift in Sources */ = {isa = PBXBuildFile; fileRef = 2D5CD3B927B5F42F00A8282C /* UIImage+CVPixelBuffer.swift */; };
		2D5CD3BC27B5F45200A8282C /* VideoCapture.swift in Sources */ = {isa = PBXBuildFile; fileRef = 2D5CD3BB27B5F45200A8282C /* VideoCapture.swift */; };
		2D5CD3BE27B5F47600A8282C /* YOLO.swift in Sources */ = {isa = PBXBuildFile; fileRef = 2D5CD3BD27B5F47600A8282C /* YOLO.swift */; };
		2D5CD3C027B5F4A900A8282C /* TinyYOLO.mlmodel in Sources */ = {isa = PBXBuildFile; fileRef = 2D5CD3BF27B5F4A900A8282C /* TinyYOLO.mlmodel */; };
/* End PBXBuildFile section */

/* Begin PBXFileReference section */
		2D5CD39B27B5F1DB00A8282C /* TFM IA.app */ = {isa = PBXFileReference; explicitFileType = wrapper.application; includeInIndex = 0; path = "TFM IA.app"; sourceTree = BUILT_PRODUCTS_DIR; };
		2D5CD39E27B5F1DB00A8282C /* AppDelegate.swift */ = {isa = PBXFileReference; lastKnownFileType = sourcecode.swift; path = AppDelegate.swift; sourceTree = "<group>"; };
		2D5CD3A027B5F1DB00A8282C /* SceneDelegate.swift */ = {isa = PBXFileReference; lastKnownFileType = sourcecode.swift; path = SceneDelegate.swift; sourceTree = "<group>"; };
		2D5CD3A227B5F1DB00A8282C /* ViewController.swift */ = {isa = PBXFileReference; lastKnownFileType = sourcecode.swift; path = ViewController.swift; sourceTree = "<group>"; };
		2D5CD3A527B5F1DB00A8282C /* Base */ = {isa = PBXFileReference; lastKnownFileType = file.storyboard; name = Base; path = Base.lproj/Main.storyboard; sourceTree = "<group>"; };
		2D5CD3A727B5F1DE00A8282C /* Assets.xcassets */ = {isa = PBXFileReference; lastKnownFileType = folder.assetcatalog; path = Assets.xcassets; sourceTree = "<group>"; };
		2D5CD3AA27B5F1DE00A8282C /* Base */ = {isa = PBXFileReference; lastKnownFileType = file.storyboard; name = Base; path = Base.lproj/LaunchScreen.storyboard; sourceTree = "<group>"; };
		2D5CD3AC27B5F1DE00A8282C /* Info.plist */ = {isa = PBXFileReference; lastKnownFileType = text.plist.xml; path = Info.plist; sourceTree = "<group>"; };
		2D5CD3B327B5F3B500A8282C /* BoundingBox.swift */ = {isa = PBXFileReference; lastKnownFileType = sourcecode.swift; path = BoundingBox.swift; sourceTree = "<group>"; };
		2D5CD3B527B5F3D900A8282C /* CVPixelBuffer+Helpers.swift */ = {isa = PBXFileReference; lastKnownFileType = sourcecode.swift; path = "CVPixelBuffer+Helpers.swift"; sourceTree = "<group>"; };
		2D5CD3B727B5F40000A8282C /* Helpers.swift */ = {isa = PBXFileReference; lastKnownFileType = sourcecode.swift; path = Helpers.swift; sourceTree = "<group>"; };
		2D5CD3B927B5F42F00A8282C /* UIImage+CVPixelBuffer.swift */ = {isa = PBXFileReference; lastKnownFileType = sourcecode.swift; path = "UIImage+CVPixelBuffer.swift"; sourceTree = "<group>"; };
		2D5CD3BB27B5F45200A8282C /* VideoCapture.swift */ = {isa = PBXFileReference; lastKnownFileType = sourcecode.swift; path = VideoCapture.swift; sourceTree = "<group>"; };
		2D5CD3BD27B5F47600A8282C /* YOLO.swift */ = {isa = PBXFileReference; lastKnownFileType = sourcecode.swift; path = YOLO.swift; sourceTree = "<group>"; };
		2D5CD3BF27B5F4A900A8282C /* TinyYOLO.mlmodel */ = {isa = PBXFileReference; lastKnownFileType = file.mlmodel; path = TinyYOLO.mlmodel; sourceTree = "<group>"; };
/* End PBXFileReference section */

/* Begin PBXFrameworksBuildPhase section */
		2D5CD39827B5F1DB00A8282C /* Frameworks */ = {
			isa = PBXFrameworksBuildPhase;
			buildActionMask = 2147483647;
			files = (
			);
			runOnlyForDeploymentPostprocessing = 0;
		};
/* End PBXFrameworksBuildPhase section */

/* Begin PBXGroup section */
		2D5CD39227B5F1DB00A8282C = {
			isa = PBXGroup;
			children = (
				2D5CD39D27B5F1DB00A8282C /* TFM IA */,
				2D5CD39C27B5F1DB00A8282C /* Products */,
			);
			sourceTree = "<group>";
		};
		2D5CD39C27B5F1DB00A8282C /* Products */ = {
			isa = PBXGroup;
			children = (
				2D5CD39B27B5F1DB00A8282C /* TFM IA.app */,
			);
			name = Products;
			sourceTree = "<group>";
		};
		2D5CD39D27B5F1DB00A8282C /* TFM IA */ = {
			isa = PBXGroup;
			children = (
				2D5CD3B227B5F39C00A8282C /* YOLO */,
				2D5CD39E27B5F1DB00A8282C /* AppDelegate.swift */,
				2D5CD3A027B5F1DB00A8282C /* SceneDelegate.swift */,
				2D5CD3A227B5F1DB00A8282C /* ViewController.swift */,
				2D5CD3A427B5F1DB00A8282C /* Main.storyboard */,
				2D5CD3A727B5F1DE00A8282C /* Assets.xcassets */,
				2D5CD3A927B5F1DE00A8282C /* LaunchScreen.storyboard */,
				2D5CD3AC27B5F1DE00A8282C /* Info.plist */,
			);
			path = "TFM IA";
			sourceTree = "<group>";
		};
		2D5CD3B227B5F39C00A8282C /* YOLO */ = {
			isa = PBXGroup;
			children = (
				2D5CD3BF27B5F4A900A8282C /* TinyYOLO.mlmodel */,
				2D5CD3B327B5F3B500A8282C /* BoundingBox.swift */,
				2D5CD3B527B5F3D900A8282C /* CVPixelBuffer+Helpers.swift */,
				2D5CD3B727B5F40000A8282C /* Helpers.swift */,
				2D5CD3B927B5F42F00A8282C /* UIImage+CVPixelBuffer.swift */,
				2D5CD3BB27B5F45200A8282C /* VideoCapture.swift */,
				2D5CD3BD27B5F47600A8282C /* YOLO.swift */,
			);
			path = YOLO;
			sourceTree = "<group>";
		};
/* End PBXGroup section */

/* Begin PBXNativeTarget section */
		2D5CD39A27B5F1DB00A8282C /* TFM IA */ = {
			isa = PBXNativeTarget;
			buildConfigurationList = 2D5CD3AF27B5F1DE00A8282C /* Build configuration list for PBXNativeTarget "TFM IA" */;
			buildPhases = (
				2D5CD39727B5F1DB00A8282C /* Sources */,
				2D5CD39827B5F1DB00A8282C /* Frameworks */,
				2D5CD39927B5F1DB00A8282C /* Resources */,
			);
			buildRules = (
			);
			dependencies = (
			);
			name = "TFM IA";
			productName = "TFM IA";
			productReference = 2D5CD39B27B5F1DB00A8282C /* TFM IA.app */;
			productType = "com.apple.product-type.application";
		};
/* End PBXNativeTarget section */

/* Begin PBXProject section */
		2D5CD39327B5F1DB00A8282C /* Project object */ = {
			isa = PBXProject;
			attributes = {
				BuildIndependentTargetsInParallel = 1;
				LastSwiftUpdateCheck = 1320;
				LastUpgradeCheck = 1320;
				TargetAttributes = {
					2D5CD39A27B5F1DB00A8282C = {
						CreatedOnToolsVersion = 13.2.1;
					};
				};
			};
			buildConfigurationList = 2D5CD39627B5F1DB00A8282C /* Build configuration list for PBXProject "TFM IA" */;
			compatibilityVersion = "Xcode 13.0";
			developmentRegion = en;
			hasScannedForEncodings = 0;
			knownRegions = (
				en,
				Base,
			);
			mainGroup = 2D5CD39227B5F1DB00A8282C;
			productRefGroup = 2D5CD39C27B5F1DB00A8282C /* Products */;
			projectDirPath = "";
			projectRoot = "";
			targets = (
				2D5CD39A27B5F1DB00A8282C /* TFM IA */,
			);
		};
/* End PBXProject section */

/* Begin PBXResourcesBuildPhase section */
		2D5CD39927B5F1DB00A8282C /* Resources */ = {
			isa = PBXResourcesBuildPhase;
			buildActionMask = 2147483647;
			files = (
				2D5CD3AB27B5F1DE00A8282C /* LaunchScreen.storyboard in Resources */,
				2D5CD3A827B5F1DE00A8282C /* Assets.xcassets in Resources */,
				2D5CD3A627B5F1DB00A8282C /* Main.storyboard in Resources */,
			);
			runOnlyForDeploymentPostprocessing = 0;
		};
/* End PBXResourcesBuildPhase section */

/* Begin PBXSourcesBuildPhase section */
		2D5CD39727B5F1DB00A8282C /* Sources */ = {
			isa = PBXSourcesBuildPhase;
			buildActionMask = 2147483647;
			files = (
				2D5CD3BC27B5F45200A8282C /* VideoCapture.swift in Sources */,
				2D5CD3C027B5F4A900A8282C /* TinyYOLO.mlmodel in Sources */,
				2D5CD3A327B5F1DB00A8282C /* ViewController.swift in Sources */,
				2D5CD3BE27B5F47600A8282C /* YOLO.swift in Sources */,
				2D5CD3B827B5F40000A8282C /* Helpers.swift in Sources */,
				2D5CD3B627B5F3D900A8282C /* CVPixelBuffer+Helpers.swift in Sources */,
				2D5CD39F27B5F1DB00A8282C /* AppDelegate.swift in Sources */,
				2D5CD3BA27B5F42F00A8282C /* UIImage+CVPixelBuffer.swift in Sources */,
				2D5CD3A127B5F1DB00A8282C /* SceneDelegate.swift in Sources */,
				2D5CD3B427B5F3B500A8282C /* BoundingBox.swift in Sources */,
			);
			runOnlyForDeploymentPostprocessing = 0;
		};
/* End PBXSourcesBuildPhase section */

/* Begin PBXVariantGroup section */
		2D5CD3A427B5F1DB00A8282C /* Main.storyboard */ = {
			isa = PBXVariantGroup;
			children = (
				2D5CD3A527B5F1DB00A8282C /* Base */,
			);
			name = Main.storyboard;
			sourceTree = "<group>";
		};
		2D5CD3A927B5F1DE00A8282C /* LaunchScreen.storyboard */ = {
			isa = PBXVariantGroup;
			children = (
				2D5CD3AA27B5F1DE00A8282C /* Base */,
			);
			name = LaunchScreen.storyboard;
			sourceTree = "<group>";
		};
/* End PBXVariantGroup section */

/* Begin XCBuildConfiguration section */
		2D5CD3AD27B5F1DE00A8282C /* Debug */ = {
			isa = XCBuildConfiguration;
			buildSettings = {
				ALWAYS_SEARCH_USER_PATHS = NO;
				CLANG_ANALYZER_NONNULL = YES;
				CLANG_ANALYZER_NUMBER_OBJECT_CONVERSION = YES_AGGRESSIVE;
				CLANG_CXX_LANGUAGE_STANDARD = "gnu++17";
				CLANG_CXX_LIBRARY = "libc++";
				CLANG_ENABLE_MODULES = YES;
				CLANG_ENABLE_OBJC_ARC = YES;
				CLANG_ENABLE_OBJC_WEAK = YES;
				CLANG_WARN_BLOCK_CAPTURE_AUTORELEASING = YES;
				CLANG_WARN_BOOL_CONVERSION = YES;
				CLANG_WARN_COMMA = YES;
				CLANG_WARN_CONSTANT_CONVERSION = YES;
				CLANG_WARN_DEPRECATED_OBJC_IMPLEMENTATIONS = YES;
				CLANG_WARN_DIRECT_OBJC_ISA_USAGE = YES_ERROR;
				CLANG_WARN_DOCUMENTATION_COMMENTS = YES;
				CLANG_WARN_EMPTY_BODY = YES;
				CLANG_WARN_ENUM_CONVERSION = YES;
				CLANG_WARN_INFINITE_RECURSION = YES;
				CLANG_WARN_INT_CONVERSION = YES;
				CLANG_WARN_NON_LITERAL_NULL_CONVERSION = YES;
				CLANG_WARN_OBJC_IMPLICIT_RETAIN_SELF = YES;
				CLANG_WARN_OBJC_LITERAL_CONVERSION = YES;
				CLANG_WARN_OBJC_ROOT_CLASS = YES_ERROR;
				CLANG_WARN_QUOTED_INCLUDE_IN_FRAMEWORK_HEADER = YES;
				CLANG_WARN_RANGE_LOOP_ANALYSIS = YES;
				CLANG_WARN_STRICT_PROTOTYPES = YES;
				CLANG_WARN_SUSPICIOUS_MOVE = YES;
				CLANG_WARN_UNGUARDED_AVAILABILITY = YES_AGGRESSIVE;
				CLANG_WARN_UNREACHABLE_CODE = YES;
				CLANG_WARN__DUPLICATE_METHOD_MATCH = YES;
				COPY_PHASE_STRIP = NO;
				DEBUG_INFORMATION_FORMAT = dwarf;
				ENABLE_STRICT_OBJC_MSGSEND = YES;
				ENABLE_TESTABILITY = YES;
				GCC_C_LANGUAGE_STANDARD = gnu11;
				GCC_DYNAMIC_NO_PIC = NO;
				GCC_NO_COMMON_BLOCKS = YES;
				GCC_OPTIMIZATION_LEVEL = 0;
				GCC_PREPROCESSOR_DEFINITIONS = (
					"DEBUG=1",
					"$(inherited)",
				);
				GCC_WARN_64_TO_32_BIT_CONVERSION = YES;
				GCC_WARN_ABOUT_RETURN_TYPE = YES_ERROR;
				GCC_WARN_UNDECLARED_SELECTOR = YES;
				GCC_WARN_UNINITIALIZED_AUTOS = YES_AGGRESSIVE;
				GCC_WARN_UNUSED_FUNCTION = YES;
				GCC_WARN_UNUSED_VARIABLE = YES;
				IPHONEOS_DEPLOYMENT_TARGET = 15.2;
				MTL_ENABLE_DEBUG_INFO = INCLUDE_SOURCE;
				MTL_FAST_MATH = YES;
				ONLY_ACTIVE_ARCH = YES;
				SDKROOT = iphoneos;
				SWIFT_ACTIVE_COMPILATION_CONDITIONS = DEBUG;
				SWIFT_OPTIMIZATION_LEVEL = "-Onone";
			};
			name = Debug;
		};
		2D5CD3AE27B5F1DE00A8282C /* Release */ = {
			isa = XCBuildConfiguration;
			buildSettings = {
				ALWAYS_SEARCH_USER_PATHS = NO;
				CLANG_ANALYZER_NONNULL = YES;
				CLANG_ANALYZER_NUMBER_OBJECT_CONVERSION = YES_AGGRESSIVE;
				CLANG_CXX_LANGUAGE_STANDARD = "gnu++17";
				CLANG_CXX_LIBRARY = "libc++";
				CLANG_ENABLE_MODULES = YES;
				CLANG_ENABLE_OBJC_ARC = YES;
				CLANG_ENABLE_OBJC_WEAK = YES;
				CLANG_WARN_BLOCK_CAPTURE_AUTORELEASING = YES;
				CLANG_WARN_BOOL_CONVERSION = YES;
				CLANG_WARN_COMMA = YES;
				CLANG_WARN_CONSTANT_CONVERSION = YES;
				CLANG_WARN_DEPRECATED_OBJC_IMPLEMENTATIONS = YES;
				CLANG_WARN_DIRECT_OBJC_ISA_USAGE = YES_ERROR;
				CLANG_WARN_DOCUMENTATION_COMMENTS = YES;
				CLANG_WARN_EMPTY_BODY = YES;
				CLANG_WARN_ENUM_CONVERSION = YES;
				CLANG_WARN_INFINITE_RECURSION = YES;
				CLANG_WARN_INT_CONVERSION = YES;
				CLANG_WARN_NON_LITERAL_NULL_CONVERSION = YES;
				CLANG_WARN_OBJC_IMPLICIT_RETAIN_SELF = YES;
				CLANG_WARN_OBJC_LITERAL_CONVERSION = YES;
				CLANG_WARN_OBJC_ROOT_CLASS = YES_ERROR;
				CLANG_WARN_QUOTED_INCLUDE_IN_FRAMEWORK_HEADER = YES;
				CLANG_WARN_RANGE_LOOP_ANALYSIS = YES;
				CLANG_WARN_STRICT_PROTOTYPES = YES;
				CLANG_WARN_SUSPICIOUS_MOVE = YES;
				CLANG_WARN_UNGUARDED_AVAILABILITY = YES_AGGRESSIVE;
				CLANG_WARN_UNREACHABLE_CODE = YES;
				CLANG_WARN__DUPLICATE_METHOD_MATCH = YES;
				COPY_PHASE_STRIP = NO;
				DEBUG_INFORMATION_FORMAT = "dwarf-with-dsym";
				ENABLE_NS_ASSERTIONS = NO;
				ENABLE_STRICT_OBJC_MSGSEND = YES;
				GCC_C_LANGUAGE_STANDARD = gnu11;
				GCC_NO_COMMON_BLOCKS = YES;
				GCC_WARN_64_TO_32_BIT_CONVERSION = YES;
				GCC_WARN_ABOUT_RETURN_TYPE = YES_ERROR;
				GCC_WARN_UNDECLARED_SELECTOR = YES;
				GCC_WARN_UNINITIALIZED_AUTOS = YES_AGGRESSIVE;
				GCC_WARN_UNUSED_FUNCTION = YES;
				GCC_WARN_UNUSED_VARIABLE = YES;
				IPHONEOS_DEPLOYMENT_TARGET = 15.2;
				MTL_ENABLE_DEBUG_INFO = NO;
				MTL_FAST_MATH = YES;
				SDKROOT = iphoneos;
				SWIFT_COMPILATION_MODE = wholemodule;
				SWIFT_OPTIMIZATION_LEVEL = "-O";
				VALIDATE_PRODUCT = YES;
			};
			name = Release;
		};
		2D5CD3B027B5F1DE00A8282C /* Debug */ = {
			isa = XCBuildConfiguration;
			buildSettings = {
				ASSETCATALOG_COMPILER_APPICON_NAME = AppIcon;
				ASSETCATALOG_COMPILER_GLOBAL_ACCENT_COLOR_NAME = AccentColor;
				CODE_SIGN_STYLE = Automatic;
				CURRENT_PROJECT_VERSION = 1;
				DEVELOPMENT_TEAM = 7RT4X7Y335;
				GENERATE_INFOPLIST_FILE = YES;
				INFOPLIST_FILE = "TFM IA/Info.plist";
				INFOPLIST_KEY_CFBundleDisplayName = "TFM IA";
				INFOPLIST_KEY_UIApplicationSupportsIndirectInputEvents = YES;
				INFOPLIST_KEY_UILaunchStoryboardName = LaunchScreen;
				INFOPLIST_KEY_UIMainStoryboardFile = Main;
				INFOPLIST_KEY_UISupportedInterfaceOrientations_iPad = "UIInterfaceOrientationPortrait UIInterfaceOrientationPortraitUpsideDown UIInterfaceOrientationLandscapeLeft UIInterfaceOrientationLandscapeRight";
				INFOPLIST_KEY_UISupportedInterfaceOrientations_iPhone = "UIInterfaceOrientationPortrait UIInterfaceOrientationLandscapeLeft UIInterfaceOrientationLandscapeRight";
				LD_RUNPATH_SEARCH_PATHS = (
					"$(inherited)",
					"@executable_path/Frameworks",
				);
				MARKETING_VERSION = 1.0;
				PRODUCT_BUNDLE_IDENTIFIER = "com.hlenterprises.tfmIA.TFM-IA";
				PRODUCT_NAME = "$(TARGET_NAME)";
				SWIFT_EMIT_LOC_STRINGS = YES;
				SWIFT_VERSION = 5.0;
				TARGETED_DEVICE_FAMILY = "1,2";
			};
			name = Debug;
		};
		2D5CD3B127B5F1DE00A8282C /* Release */ = {
			isa = XCBuildConfiguration;
			buildSettings = {
				ASSETCATALOG_COMPILER_APPICON_NAME = AppIcon;
				ASSETCATALOG_COMPILER_GLOBAL_ACCENT_COLOR_NAME = AccentColor;
				CODE_SIGN_STYLE = Automatic;
				CURRENT_PROJECT_VERSION = 1;
				DEVELOPMENT_TEAM = 7RT4X7Y335;
				GENERATE_INFOPLIST_FILE = YES;
				INFOPLIST_FILE = "TFM IA/Info.plist";
				INFOPLIST_KEY_CFBundleDisplayName = "TFM IA";
				INFOPLIST_KEY_UIApplicationSupportsIndirectInputEvents = YES;
				INFOPLIST_KEY_UILaunchStoryboardName = LaunchScreen;
				INFOPLIST_KEY_UIMainStoryboardFile = Main;
				INFOPLIST_KEY_UISupportedInterfaceOrientations_iPad = "UIInterfaceOrientationPortrait UIInterfaceOrientationPortraitUpsideDown UIInterfaceOrientationLandscapeLeft UIInterfaceOrientationLandscapeRight";
				INFOPLIST_KEY_UISupportedInterfaceOrientations_iPhone = "UIInterfaceOrientationPortrait UIInterfaceOrientationLandscapeLeft UIInterfaceOrientationLandscapeRight";
				LD_RUNPATH_SEARCH_PATHS = (
					"$(inherited)",
					"@executable_path/Frameworks",
				);
				MARKETING_VERSION = 1.0;
				PRODUCT_BUNDLE_IDENTIFIER = "com.hlenterprises.tfmIA.TFM-IA";
				PRODUCT_NAME = "$(TARGET_NAME)";
				SWIFT_EMIT_LOC_STRINGS = YES;
				SWIFT_VERSION = 5.0;
				TARGETED_DEVICE_FAMILY = "1,2";
			};
			name = Release;
		};
/* End XCBuildConfiguration section */

/* Begin XCConfigurationList section */
		2D5CD39627B5F1DB00A8282C /* Build configuration list for PBXProject "TFM IA" */ = {
			isa = XCConfigurationList;
			buildConfigurations = (
				2D5CD3AD27B5F1DE00A8282C /* Debug */,
				2D5CD3AE27B5F1DE00A8282C /* Release */,
			);
			defaultConfigurationIsVisible = 0;
			defaultConfigurationName = Release;
		};
		2D5CD3AF27B5F1DE00A8282C /* Build configuration list for PBXNativeTarget "TFM IA" */ = {
			isa = XCConfigurationList;
			buildConfigurations = (
				2D5CD3B027B5F1DE00A8282C /* Debug */,
				2D5CD3B127B5F1DE00A8282C /* Release */,
			);
			defaultConfigurationIsVisible = 0;
			defaultConfigurationName = Release;
		};
/* End XCConfigurationList section */
	};
	rootObject = 2D5CD39327B5F1DB00A8282C /* Project object */;
}
